
Microsoft Visual Studio Solution File, Format Version 12.00
# Visual Studio Version 16
VisualStudioVersion = 16.0.29911.84
MinimumVisualStudioVersion = 10.0.40219.1
Project("{2150E333-8FDC-42A3-9474-1A3956D46DE8}") = "LinqFundamentals", "LinqFundamentals", "{C055DE56-4D07-496C-BDCA-90A8FE14EEC1}"
EndProject
Project("{FAE04EC0-301F-11D3-BF4B-00C04F79EFBC}") = "DBCars", "LinqFundamentals\DBCars\DBCars.csproj", "{C28187F6-1BE2-4D48-A424-F471E686FDC6}"
EndProject
Project("{FAE04EC0-301F-11D3-BF4B-00C04F79EFBC}") = "XMLCars", "LinqFundamentals\XMLCars\XMLCars.csproj", "{C5EDC79C-95AE-431F-B40E-A4EEF78E7C5C}"
EndProject
Project("{2150E333-8FDC-42A3-9474-1A3956D46DE8}") = "Nulls", "Nulls", "{3E17F905-1C36-4BEB-96D2-92D4CA0A7966}"
EndProject
Project("{FAE04EC0-301F-11D3-BF4B-00C04F79EFBC}") = "GameConsole", "Nulls\GameConsole\GameConsole.csproj", "{194894B6-EC58-4CB1-BADE-20B0852B05C7}"
EndProject
Project("{2150E333-8FDC-42A3-9474-1A3956D46DE8}") = "Has-Coalesce-Conditional", "Has-Coalesce-Conditional", "{CC2FF52F-E200-46B9-B359-102909CE739B}"
EndProject
Project("{2150E333-8FDC-42A3-9474-1A3956D46DE8}") = "Moq", "Moq", "{9E43F584-63E8-4677-9092-E60E396B61A2}"
EndProject
Project("{9A19103F-16F7-4668-BE54-9A1E7A4F7556}") = "Moq-XUnitTest", "Moq-XUnitTest\Moq-XUnitTest.csproj", "{541C041A-94AB-4D5F-BA55-F608FCB809EE}"
EndProject
Project("{2150E333-8FDC-42A3-9474-1A3956D46DE8}") = "MethodCalls", "MethodCalls", "{B94F07B8-BE42-462A-992F-15B867C84A55}"
EndProject
Project("{2150E333-8FDC-42A3-9474-1A3956D46DE8}") = "04-05-MethodProperties-BehaviorTests", "04-05-MethodProperties-BehaviorTests", "{1B82ECE5-DD9D-4E36-AB8A-A7A9BCF4FA52}"
EndProject
Project("{9A19103F-16F7-4668-BE54-9A1E7A4F7556}") = "CCApp.MethodCalls", "Moq\MethodCalls\CCApp.MethodCalls\CCApp.MethodCalls.csproj", "{3FBBFEF0-BF63-467A-94C1-1D09B8CE828A}"
EndProject
Project("{9A19103F-16F7-4668-BE54-9A1E7A4F7556}") = "MockMethodCalls.Tests", "Moq\MethodCalls\CCApp.MethodCalls.Tests\MockMethodCalls.Tests.csproj", "{B66F9316-84B3-4ED0-B478-3259BBBD23D2}"
EndProject
Project("{2150E333-8FDC-42A3-9474-1A3956D46DE8}") = "06-Refactor", "06-Refactor", "{6E00B3B0-EC1F-42C9-AE51-E907D7A444E7}"
EndProject
Project("{9A19103F-16F7-4668-BE54-9A1E7A4F7556}") = "CreditCardApplications", "Moq\Refactor-06\CreditCardApplications\CreditCardApplications.csproj", "{10CE123D-5787-4F8C-A9D7-A130B4611A96}"
EndProject
Project("{9A19103F-16F7-4668-BE54-9A1E7A4F7556}") = "CreditCardApplications.Tests", "Moq\Refactor-06\CreditCardApplications.Tests\CreditCardApplications.Tests.csproj", "{8E4842C4-30C9-4F7F-B413-CCE30A7818D9}"
EndProject
Project("{9A19103F-16F7-4668-BE54-9A1E7A4F7556}") = "CCApp.3-5", "Moq\Properties-BehaviorTests\CreditCardApplications\CCApp.3-5.csproj", "{8353F541-BB87-44D8-B08F-75CEBED83A23}"
EndProject
Project("{9A19103F-16F7-4668-BE54-9A1E7A4F7556}") = "CCApp.3-5.Tests", "Moq\Properties-BehaviorTests\CreditCardApplications.Tests\CCApp.3-5.Tests.csproj", "{5FC3207C-8E29-4449-8DDC-CEDE88D0F5BF}"
EndProject
Global
	GlobalSection(SolutionConfigurationPlatforms) = preSolution
		Debug|Any CPU = Debug|Any CPU
		Release|Any CPU = Release|Any CPU
	EndGlobalSection
	GlobalSection(ProjectConfigurationPlatforms) = postSolution
		{C28187F6-1BE2-4D48-A424-F471E686FDC6}.Debug|Any CPU.ActiveCfg = Debug|Any CPU
		{C28187F6-1BE2-4D48-A424-F471E686FDC6}.Debug|Any CPU.Build.0 = Debug|Any CPU
		{C28187F6-1BE2-4D48-A424-F471E686FDC6}.Release|Any CPU.ActiveCfg = Release|Any CPU
		{C28187F6-1BE2-4D48-A424-F471E686FDC6}.Release|Any CPU.Build.0 = Release|Any CPU
		{C5EDC79C-95AE-431F-B40E-A4EEF78E7C5C}.Debug|Any CPU.ActiveCfg = Debug|Any CPU
		{C5EDC79C-95AE-431F-B40E-A4EEF78E7C5C}.Debug|Any CPU.Build.0 = Debug|Any CPU
		{C5EDC79C-95AE-431F-B40E-A4EEF78E7C5C}.Release|Any CPU.ActiveCfg = Release|Any CPU
		{C5EDC79C-95AE-431F-B40E-A4EEF78E7C5C}.Release|Any CPU.Build.0 = Release|Any CPU
		{194894B6-EC58-4CB1-BADE-20B0852B05C7}.Debug|Any CPU.ActiveCfg = Debug|Any CPU
		{194894B6-EC58-4CB1-BADE-20B0852B05C7}.Debug|Any CPU.Build.0 = Debug|Any CPU
		{194894B6-EC58-4CB1-BADE-20B0852B05C7}.Release|Any CPU.ActiveCfg = Release|Any CPU
		{194894B6-EC58-4CB1-BADE-20B0852B05C7}.Release|Any CPU.Build.0 = Release|Any CPU
		{541C041A-94AB-4D5F-BA55-F608FCB809EE}.Debug|Any CPU.ActiveCfg = Debug|Any CPU
		{541C041A-94AB-4D5F-BA55-F608FCB809EE}.Debug|Any CPU.Build.0 = Debug|Any CPU
		{541C041A-94AB-4D5F-BA55-F608FCB809EE}.Release|Any CPU.ActiveCfg = Release|Any CPU
		{541C041A-94AB-4D5F-BA55-F608FCB809EE}.Release|Any CPU.Build.0 = Release|Any CPU
		{3FBBFEF0-BF63-467A-94C1-1D09B8CE828A}.Debug|Any CPU.ActiveCfg = Debug|Any CPU
		{3FBBFEF0-BF63-467A-94C1-1D09B8CE828A}.Debug|Any CPU.Build.0 = Debug|Any CPU
		{3FBBFEF0-BF63-467A-94C1-1D09B8CE828A}.Release|Any CPU.ActiveCfg = Release|Any CPU
		{3FBBFEF0-BF63-467A-94C1-1D09B8CE828A}.Release|Any CPU.Build.0 = Release|Any CPU
		{B66F9316-84B3-4ED0-B478-3259BBBD23D2}.Debug|Any CPU.ActiveCfg = Debug|Any CPU
		{B66F9316-84B3-4ED0-B478-3259BBBD23D2}.Debug|Any CPU.Build.0 = Debug|Any CPU
		{B66F9316-84B3-4ED0-B478-3259BBBD23D2}.Release|Any CPU.ActiveCfg = Release|Any CPU
		{B66F9316-84B3-4ED0-B478-3259BBBD23D2}.Release|Any CPU.Build.0 = Release|Any CPU
		{10CE123D-5787-4F8C-A9D7-A130B4611A96}.Debug|Any CPU.ActiveCfg = Debug|Any CPU
		{10CE123D-5787-4F8C-A9D7-A130B4611A96}.Debug|Any CPU.Build.0 = Debug|Any CPU
		{10CE123D-5787-4F8C-A9D7-A130B4611A96}.Release|Any CPU.ActiveCfg = Release|Any CPU
		{10CE123D-5787-4F8C-A9D7-A130B4611A96}.Release|Any CPU.Build.0 = Release|Any CPU
		{8E4842C4-30C9-4F7F-B413-CCE30A7818D9}.Debug|Any CPU.ActiveCfg = Debug|Any CPU
		{8E4842C4-30C9-4F7F-B413-CCE30A7818D9}.Debug|Any CPU.Build.0 = Debug|Any CPU
		{8E4842C4-30C9-4F7F-B413-CCE30A7818D9}.Release|Any CPU.ActiveCfg = Release|Any CPU
		{8E4842C4-30C9-4F7F-B413-CCE30A7818D9}.Release|Any CPU.Build.0 = Release|Any CPU
		{8353F541-BB87-44D8-B08F-75CEBED83A23}.Debug|Any CPU.ActiveCfg = Debug|Any CPU
		{8353F541-BB87-44D8-B08F-75CEBED83A23}.Debug|Any CPU.Build.0 = Debug|Any CPU
		{8353F541-BB87-44D8-B08F-75CEBED83A23}.Release|Any CPU.ActiveCfg = Release|Any CPU
		{8353F541-BB87-44D8-B08F-75CEBED83A23}.Release|Any CPU.Build.0 = Release|Any CPU
		{5FC3207C-8E29-4449-8DDC-CEDE88D0F5BF}.Debug|Any CPU.ActiveCfg = Debug|Any CPU
		{5FC3207C-8E29-4449-8DDC-CEDE88D0F5BF}.Debug|Any CPU.Build.0 = Debug|Any CPU
		{5FC3207C-8E29-4449-8DDC-CEDE88D0F5BF}.Release|Any CPU.ActiveCfg = Release|Any CPU
		{5FC3207C-8E29-4449-8DDC-CEDE88D0F5BF}.Release|Any CPU.Build.0 = Release|Any CPU
	EndGlobalSection
	GlobalSection(SolutionProperties) = preSolution
		HideSolutionNode = FALSE
	EndGlobalSection
	GlobalSection(NestedProjects) = preSolution
		{C28187F6-1BE2-4D48-A424-F471E686FDC6} = {C055DE56-4D07-496C-BDCA-90A8FE14EEC1}
		{C5EDC79C-95AE-431F-B40E-A4EEF78E7C5C} = {C055DE56-4D07-496C-BDCA-90A8FE14EEC1}
		{194894B6-EC58-4CB1-BADE-20B0852B05C7} = {CC2FF52F-E200-46B9-B359-102909CE739B}
		{CC2FF52F-E200-46B9-B359-102909CE739B} = {3E17F905-1C36-4BEB-96D2-92D4CA0A7966}
		{541C041A-94AB-4D5F-BA55-F608FCB809EE} = {9E43F584-63E8-4677-9092-E60E396B61A2}
		{B94F07B8-BE42-462A-992F-15B867C84A55} = {9E43F584-63E8-4677-9092-E60E396B61A2}
		{1B82ECE5-DD9D-4E36-AB8A-A7A9BCF4FA52} = {9E43F584-63E8-4677-9092-E60E396B61A2}
		{3FBBFEF0-BF63-467A-94C1-1D09B8CE828A} = {B94F07B8-BE42-462A-992F-15B867C84A55}
		{B66F9316-84B3-4ED0-B478-3259BBBD23D2} = {B94F07B8-BE42-462A-992F-15B867C84A55}
		{6E00B3B0-EC1F-42C9-AE51-E907D7A444E7} = {9E43F584-63E8-4677-9092-E60E396B61A2}
		{10CE123D-5787-4F8C-A9D7-A130B4611A96} = {6E00B3B0-EC1F-42C9-AE51-E907D7A444E7}
		{8E4842C4-30C9-4F7F-B413-CCE30A7818D9} = {6E00B3B0-EC1F-42C9-AE51-E907D7A444E7}
		{8353F541-BB87-44D8-B08F-75CEBED83A23} = {1B82ECE5-DD9D-4E36-AB8A-A7A9BCF4FA52}
		{5FC3207C-8E29-4449-8DDC-CEDE88D0F5BF} = {1B82ECE5-DD9D-4E36-AB8A-A7A9BCF4FA52}
	EndGlobalSection
	GlobalSection(ExtensibilityGlobals) = postSolution
		SolutionGuid = {65D83251-DE1E-4787-B1F7-10A375C9EB98}
	EndGlobalSection
EndGlobal
